
Microsoft Visual Studio Solution File, Format Version 12.00
# Visual Studio Version 17
VisualStudioVersion = 17.10.35122.118
MinimumVisualStudioVersion = 10.0.40219.1
Project("{2150E333-8FDC-42A3-9474-1A3956D46DE8}") = "Services", "Services", "{2B9B8973-B4E0-464E-8152-56EAD79B0B08}"
EndProject
Project("{2150E333-8FDC-42A3-9474-1A3956D46DE8}") = "Catalog", "Catalog", "{CC067654-B46D-4171-B40C-EE288EB508B7}"
EndProject
Project("{9A19103F-16F7-4668-BE54-9A1E7A4F7556}") = "Catalog.API", "Services\Catalog\Catalog.API\Catalog.API.csproj", "{2614A052-00E5-4A52-B2A8-A9CEA94CC203}"
EndProject
Project("{2150E333-8FDC-42A3-9474-1A3956D46DE8}") = "BuildingBlocks", "BuildingBlocks", "{42F320B2-0890-4D17-8F81-25AD44657223}"
EndProject
Project("{9A19103F-16F7-4668-BE54-9A1E7A4F7556}") = "BuildingBlocks", "BuildingBlocks\BuildingBlocks\BuildingBlocks.csproj", "{98DE189C-FC1A-486E-8537-423FE9919398}"
EndProject
Project("{E53339B2-1760-4266-BCC7-CA923CBCF16C}") = "docker-compose", "docker-compose.dcproj", "{C9E916E6-3C25-4876-A28E-1AE20F341066}"
EndProject
Project("{2150E333-8FDC-42A3-9474-1A3956D46DE8}") = "Basket", "Basket", "{E4C28CEC-999A-4B44-97B2-BEF14C7A7946}"
EndProject
Project("{9A19103F-16F7-4668-BE54-9A1E7A4F7556}") = "Basket.API", "Services\Basket\Basket.API\Basket.API.csproj", "{E7C25300-2FDC-4EE4-B7AE-E49046B0E36E}"
EndProject
Project("{2150E333-8FDC-42A3-9474-1A3956D46DE8}") = "Discount", "Discount", "{F992B446-9802-4F50-9691-F79724A1D7DD}"
EndProject
Project("{FAE04EC0-301F-11D3-BF4B-00C04F79EFBC}") = "Discount.Grps", "Services\Discount\Discount.Grps\Discount.Grps.csproj", "{B081B5DD-F587-47E7-8083-6A03DC35A6AA}"
EndProject
Global
	GlobalSection(SolutionConfigurationPlatforms) = preSolution
		Debug|Any CPU = Debug|Any CPU
		Release|Any CPU = Release|Any CPU
	EndGlobalSection
	GlobalSection(ProjectConfigurationPlatforms) = postSolution
		{2614A052-00E5-4A52-B2A8-A9CEA94CC203}.Debug|Any CPU.ActiveCfg = Debug|Any CPU
		{2614A052-00E5-4A52-B2A8-A9CEA94CC203}.Debug|Any CPU.Build.0 = Debug|Any CPU
		{2614A052-00E5-4A52-B2A8-A9CEA94CC203}.Release|Any CPU.ActiveCfg = Release|Any CPU
		{2614A052-00E5-4A52-B2A8-A9CEA94CC203}.Release|Any CPU.Build.0 = Release|Any CPU
		{98DE189C-FC1A-486E-8537-423FE9919398}.Debug|Any CPU.ActiveCfg = Debug|Any CPU
		{98DE189C-FC1A-486E-8537-423FE9919398}.Debug|Any CPU.Build.0 = Debug|Any CPU
		{98DE189C-FC1A-486E-8537-423FE9919398}.Release|Any CPU.ActiveCfg = Release|Any CPU
		{98DE189C-FC1A-486E-8537-423FE9919398}.Release|Any CPU.Build.0 = Release|Any CPU
		{C9E916E6-3C25-4876-A28E-1AE20F341066}.Debug|Any CPU.ActiveCfg = Debug|Any CPU
		{C9E916E6-3C25-4876-A28E-1AE20F341066}.Debug|Any CPU.Build.0 = Debug|Any CPU
		{C9E916E6-3C25-4876-A28E-1AE20F341066}.Release|Any CPU.ActiveCfg = Release|Any CPU
		{C9E916E6-3C25-4876-A28E-1AE20F341066}.Release|Any CPU.Build.0 = Release|Any CPU
		{E7C25300-2FDC-4EE4-B7AE-E49046B0E36E}.Debug|Any CPU.ActiveCfg = Debug|Any CPU
		{E7C25300-2FDC-4EE4-B7AE-E49046B0E36E}.Debug|Any CPU.Build.0 = Debug|Any CPU
		{E7C25300-2FDC-4EE4-B7AE-E49046B0E36E}.Release|Any CPU.ActiveCfg = Release|Any CPU
		{E7C25300-2FDC-4EE4-B7AE-E49046B0E36E}.Release|Any CPU.Build.0 = Release|Any CPU
		{B081B5DD-F587-47E7-8083-6A03DC35A6AA}.Debug|Any CPU.ActiveCfg = Debug|Any CPU
		{B081B5DD-F587-47E7-8083-6A03DC35A6AA}.Debug|Any CPU.Build.0 = Debug|Any CPU
		{B081B5DD-F587-47E7-8083-6A03DC35A6AA}.Release|Any CPU.ActiveCfg = Release|Any CPU
		{B081B5DD-F587-47E7-8083-6A03DC35A6AA}.Release|Any CPU.Build.0 = Release|Any CPU
	EndGlobalSection
	GlobalSection(SolutionProperties) = preSolution
		HideSolutionNode = FALSE
	EndGlobalSection
	GlobalSection(NestedProjects) = preSolution
		{CC067654-B46D-4171-B40C-EE288EB508B7} = {2B9B8973-B4E0-464E-8152-56EAD79B0B08}
		{2614A052-00E5-4A52-B2A8-A9CEA94CC203} = {CC067654-B46D-4171-B40C-EE288EB508B7}
		{98DE189C-FC1A-486E-8537-423FE9919398} = {42F320B2-0890-4D17-8F81-25AD44657223}
		{E4C28CEC-999A-4B44-97B2-BEF14C7A7946} = {2B9B8973-B4E0-464E-8152-56EAD79B0B08}
		{E7C25300-2FDC-4EE4-B7AE-E49046B0E36E} = {E4C28CEC-999A-4B44-97B2-BEF14C7A7946}
		{F992B446-9802-4F50-9691-F79724A1D7DD} = {2B9B8973-B4E0-464E-8152-56EAD79B0B08}
		{B081B5DD-F587-47E7-8083-6A03DC35A6AA} = {F992B446-9802-4F50-9691-F79724A1D7DD}
	EndGlobalSection
	GlobalSection(ExtensibilityGlobals) = postSolution
		SolutionGuid = {B317E089-E4B4-4817-A2A9-0EEF1ACA6A84}
	EndGlobalSection
EndGlobal
